
Microsoft Visual Studio Solution File, Format Version 11.00
# Visual Studio 2010
Project("{FAE04EC0-301F-11D3-BF4B-00C04F79EFBC}") = "Calculator", "Calculator\Calculator.csproj", "{230C0A40-9E79-4614-AA41-8360B91E1865}"
EndProject
Project("{FAE04EC0-301F-11D3-BF4B-00C04F79EFBC}") = "CalculatorSpecs", "CalculatorSpecs\CalculatorSpecs.csproj", "{05252CD4-1C57-400A-A97B-98394BD0B020}"
EndProject
Global
	GlobalSection(SolutionConfigurationPlatforms) = preSolution
		Debug|Any CPU = Debug|Any CPU
		Release|Any CPU = Release|Any CPU
	EndGlobalSection
	GlobalSection(ProjectConfigurationPlatforms) = postSolution
		{230C0A40-9E79-4614-AA41-8360B91E1865}.Debug|Any CPU.ActiveCfg = Debug|Any CPU
		{230C0A40-9E79-4614-AA41-8360B91E1865}.Debug|Any CPU.Build.0 = Debug|Any CPU
		{230C0A40-9E79-4614-AA41-8360B91E1865}.Release|Any CPU.ActiveCfg = Release|Any CPU
		{230C0A40-9E79-4614-AA41-8360B91E1865}.Release|Any CPU.Build.0 = Release|Any CPU
		{05252CD4-1C57-400A-A97B-98394BD0B020}.Debug|Any CPU.ActiveCfg = Debug|Any CPU
		{05252CD4-1C57-400A-A97B-98394BD0B020}.Debug|Any CPU.Build.0 = Debug|Any CPU
		{05252CD4-1C57-400A-A97B-98394BD0B020}.Release|Any CPU.ActiveCfg = Release|Any CPU
		{05252CD4-1C57-400A-A97B-98394BD0B020}.Release|Any CPU.Build.0 = Release|Any CPU
	EndGlobalSection
	GlobalSection(SolutionProperties) = preSolution
		HideSolutionNode = FALSE
	EndGlobalSection
EndGlobal
